// !$*UTF8*$!
{
	archiveVersion = 1;
	classes = {
	};
	objectVersion = 46;
	objects = {
/* Begin PBXBuildFile section */
		0207DA581B56EA530066E2B4 /* Images.xcassets in Resources */ = {isa = PBXBuildFile; fileRef = 0207DA571B56EA530066E2B4 /* Images.xcassets */; };
		1D3623260D0F684500981E51 /* AppDelegate.m in Sources */ = {isa = PBXBuildFile; fileRef = 1D3623250D0F684500981E51 /* AppDelegate.m */; };
		1D60589B0D05DD56006BFB54 /* main.m in Sources */ = {isa = PBXBuildFile; fileRef = 29B97316FDCFA39411CA2CEA /* main.m */; };
		301BF552109A68D80062928A /* libCordova.a in Frameworks */ = {isa = PBXBuildFile; fileRef = 301BF535109A57CC0062928A /* libCordova.a */; };
		302D95F114D2391D003F00A1 /* MainViewController.m in Sources */ = {isa = PBXBuildFile; fileRef = 302D95EF14D2391D003F00A1 /* MainViewController.m */; };
		302D95F214D2391D003F00A1 /* MainViewController.xib in Resources */ = {isa = PBXBuildFile; fileRef = 302D95F014D2391D003F00A1 /* MainViewController.xib */; };
		3047A5121AB8059700498E2A /* build-debug.xcconfig in Resources */ = {isa = PBXBuildFile; fileRef = 3047A50F1AB8059700498E2A /* build-debug.xcconfig */; };
		3047A5131AB8059700498E2A /* build-release.xcconfig in Resources */ = {isa = PBXBuildFile; fileRef = 3047A5101AB8059700498E2A /* build-release.xcconfig */; };
		3047A5141AB8059700498E2A /* build.xcconfig in Resources */ = {isa = PBXBuildFile; fileRef = 3047A5111AB8059700498E2A /* build.xcconfig */; };
		6AFF5BF91D6E424B00AB3073 /* CDVLaunchScreen.storyboard in Resources */ = {isa = PBXBuildFile; fileRef = 6AFF5BF81D6E424B00AB3073 /* CDVLaunchScreen.storyboard */; };
		4362B7F2E49B4A6C9D26B3D4 /* Diagnostic.m in Sources */ = {isa = PBXBuildFile; fileRef = 9630FF5E6C5C4ECDA2B5A998 /* Diagnostic.m */; };
		85EF108794F24881BCA93C93 /* Diagnostic_Location.m in Sources */ = {isa = PBXBuildFile; fileRef = 26CF8C04C7C3444289A9F0A8 /* Diagnostic_Location.m */; };
		12203A6FEA0F4BD897C93547 /* Diagnostic_Bluetooth.m in Sources */ = {isa = PBXBuildFile; fileRef = 939FF5C1A369449DAA32D023 /* Diagnostic_Bluetooth.m */; };
		FC1E3A416FDA4FDCAAACAB58 /* Diagnostic_Wifi.m in Sources */ = {isa = PBXBuildFile; fileRef = AA994E7ED08B45D7A635BB53 /* Diagnostic_Wifi.m */; };
		8DC571BFCBC8430A9E3B3270 /* Diagnostic_Camera.m in Sources */ = {isa = PBXBuildFile; fileRef = 79617694D2304196838C7841 /* Diagnostic_Camera.m */; };
		08A105C0CA0E4E64B41408E7 /* Diagnostic_Notifications.m in Sources */ = {isa = PBXBuildFile; fileRef = AC3EC54B9D5E487C93D8B803 /* Diagnostic_Notifications.m */; };
		A50DF7D345E14B09BCB1377A /* Diagnostic_Microphone.m in Sources */ = {isa = PBXBuildFile; fileRef = 2B93320F5298495E97669FEA /* Diagnostic_Microphone.m */; };
		A97884B86E1D43DAB0303C8A /* Diagnostic_Contacts.m in Sources */ = {isa = PBXBuildFile; fileRef = FE807E4FF11F45C18529E841 /* Diagnostic_Contacts.m */; };
		C7D5196833314588B45E4115 /* Diagnostic_Calendar.m in Sources */ = {isa = PBXBuildFile; fileRef = B1440C232E22404E94AB0B91 /* Diagnostic_Calendar.m */; };
		838F53CF763C4356B720082D /* Diagnostic_Reminders.m in Sources */ = {isa = PBXBuildFile; fileRef = AEFB2F0408D4498B890C1A12 /* Diagnostic_Reminders.m */; };
		1C6EDBB9508F46EBAD16FAA5 /* Diagnostic_Motion.m in Sources */ = {isa = PBXBuildFile; fileRef = F0565E7D527C4DBB8BDB4915 /* Diagnostic_Motion.m */; };
		55AB5D3C7D7D46F4A78A2D71 /* CoreLocation.framework in Frameworks */ = {isa = PBXBuildFile; fileRef = C3BD9B2483CB40ED8BF7940D /* CoreLocation.framework */; };
		ACC2831688DF4D76972CBE3E /* CoreBluetooth.framework in Frameworks */ = {isa = PBXBuildFile; fileRef = F13746420195426F96842AB8 /* CoreBluetooth.framework */; };
		6D5146C2E1E14F96A7095285 /* Photos.framework in Frameworks */ = {isa = PBXBuildFile; fileRef = 423A8BA5BBA8475680520088 /* Photos.framework */; };
		462DD05A24A24E718E32AA71 /* AVFoundation.framework in Frameworks */ = {isa = PBXBuildFile; fileRef = C83487AF19FE4CD9B2802124 /* AVFoundation.framework */; };
		D68FDAFF7EA44FC5A76A93E5 /* UserNotifications.framework in Frameworks */ = {isa = PBXBuildFile; fileRef = 99642755F535451EAF5459CA /* UserNotifications.framework */; };
		38372B82BBFC4E1094223D54 /* Contacts.framework in Frameworks */ = {isa = PBXBuildFile; fileRef = D53D3E6AE26B42B5AD40F2BF /* Contacts.framework */; };
		924BED65178941FAAC837657 /* AddressBook.framework in Frameworks */ = {isa = PBXBuildFile; fileRef = 36915D15848042E79C77866C /* AddressBook.framework */; };
		F5B1FEA7079E46E3BDEB208C /* EventKit.framework in Frameworks */ = {isa = PBXBuildFile; fileRef = 6C5C5E48BD254F8AAF6A937F /* EventKit.framework */; };
		E469920BAF094EDF85D15F75 /* CoreMotion.framework in Frameworks */ = {isa = PBXBuildFile; fileRef = ABE00A16E5224A9685FD3AC1 /* CoreMotion.framework */; };
		BA07BE94BFE744058938962C /* UIImage+CropScaleOrientation.m in Sources */ = {isa = PBXBuildFile; fileRef = CDEA1C3AA3AA4367A0E7A4F1 /* UIImage+CropScaleOrientation.m */; };
		B2F8A4C2D728481DBB0CDCB1 /* CDVCamera.m in Sources */ = {isa = PBXBuildFile; fileRef = C481C0EEEB404210BEC0928C /* CDVCamera.m */; };
		D4AA5232C669496C9086C74D /* CDVJpegHeaderWriter.m in Sources */ = {isa = PBXBuildFile; fileRef = 97DF83A5E99742CBB8AC1F93 /* CDVJpegHeaderWriter.m */; };
		DEC1A50E67C54C9C9A80AE4E /* ImageIO.framework in Frameworks */ = {isa = PBXBuildFile; fileRef = 95185019537146CDAB53332C /* ImageIO.framework */; settings = {ATTRIBUTES = (Weak, ); }; };
		C13D34447010457DAF369FA5 /* CDVFile.m in Sources */ = {isa = PBXBuildFile; fileRef = 72045BDF1ABC423F8897D525 /* CDVFile.m */; };
		41B3C98BAEAB44B5B740AA8E /* CDVLocalFilesystem.m in Sources */ = {isa = PBXBuildFile; fileRef = CCEE71640A3D4D0780C40DF9 /* CDVLocalFilesystem.m */; };
		A2E2E3904CE04621B13C9008 /* CDVAssetLibraryFilesystem.m in Sources */ = {isa = PBXBuildFile; fileRef = B54D3B427E6541E4911F60FC /* CDVAssetLibraryFilesystem.m */; };
		B9F1F3975E584CA8961338AD /* CDVFileTransfer.m in Sources */ = {isa = PBXBuildFile; fileRef = 57D437EB8CDA4FC3A59618DA /* CDVFileTransfer.m */; };
		7E7C89C0D65C474ABBC571CC /* CDVLocation.m in Sources */ = {isa = PBXBuildFile; fileRef = 60DFAE4824A54189A2083D59 /* CDVLocation.m */; };
		4B2193D3B97F4BEC92BAD67F /* CDVGlobalization.m in Sources */ = {isa = PBXBuildFile; fileRef = CE65117BF3154C958AC80EE2 /* CDVGlobalization.m */; };
		C7A98F0FB4B74E0FBCC24439 /* CDVCapture.m in Sources */ = {isa = PBXBuildFile; fileRef = 0D4DEBDCA7A84BC387DAE95B /* CDVCapture.m */; };
		584E09EC2BD04D38922C4BDB /* CDVCapture.bundle in Resources */ = {isa = PBXBuildFile; fileRef = 7F76D8F0BBE34373ABE2A207 /* CDVCapture.bundle */; };
/* End PBXBuildFile section */

/* Begin PBXContainerItemProxy section */
		301BF534109A57CC0062928A /* PBXContainerItemProxy */ = {
			isa = PBXContainerItemProxy;
			containerPortal = 301BF52D109A57CC0062928A /* CordovaLib.xcodeproj */;
			proxyType = 2;
			remoteGlobalIDString = D2AAC07E0554694100DB518D;
			remoteInfo = CordovaLib;
		};
		301BF550109A68C00062928A /* PBXContainerItemProxy */ = {
			isa = PBXContainerItemProxy;
			containerPortal = 301BF52D109A57CC0062928A /* CordovaLib.xcodeproj */;
			proxyType = 1;
			remoteGlobalIDString = D2AAC07D0554694100DB518D;
			remoteInfo = CordovaLib;
		};
/* End PBXContainerItemProxy section */

/* Begin PBXFileReference section */
		0207DA571B56EA530066E2B4 /* Images.xcassets */ = {isa = PBXFileReference; lastKnownFileType = folder.assetcatalog; name = Images.xcassets; path = "HelloWorld/Images.xcassets"; sourceTree = SOURCE_ROOT; };
		1D3623240D0F684500981E51 /* AppDelegate.h */ = {isa = PBXFileReference; fileEncoding = 4; lastKnownFileType = sourcecode.c.h; path = AppDelegate.h; sourceTree = "<group>"; };
		1D3623250D0F684500981E51 /* AppDelegate.m */ = {isa = PBXFileReference; fileEncoding = 4; lastKnownFileType = sourcecode.c.objc; path = AppDelegate.m; sourceTree = "<group>"; };
		1D6058910D05DD3D006BFB54 /* HelloWorld.app */ = {isa = PBXFileReference; explicitFileType = wrapper.application; includeInIndex = 0; path = "HelloWorld.app"; sourceTree = BUILT_PRODUCTS_DIR; };
		29B97316FDCFA39411CA2CEA /* main.m */ = {isa = PBXFileReference; fileEncoding = 4; lastKnownFileType = sourcecode.c.objc; path = main.m; sourceTree = "<group>"; };
		301BF52D109A57CC0062928A /* CordovaLib.xcodeproj */ = {isa = PBXFileReference; lastKnownFileType = "wrapper.pb-project"; path = CordovaLib/CordovaLib.xcodeproj; sourceTree = "<group>"; };
		301BF56E109A69640062928A /* www */ = {isa = PBXFileReference; lastKnownFileType = folder; path = www; sourceTree = SOURCE_ROOT; };
		302D95EE14D2391D003F00A1 /* MainViewController.h */ = {isa = PBXFileReference; fileEncoding = 4; lastKnownFileType = sourcecode.c.h; path = MainViewController.h; sourceTree = "<group>"; };
		302D95EF14D2391D003F00A1 /* MainViewController.m */ = {isa = PBXFileReference; fileEncoding = 4; lastKnownFileType = sourcecode.c.objc; path = MainViewController.m; sourceTree = "<group>"; };
		302D95F014D2391D003F00A1 /* MainViewController.xib */ = {isa = PBXFileReference; fileEncoding = 4; lastKnownFileType = file.xib; path = MainViewController.xib; sourceTree = "<group>"; };
		3047A50F1AB8059700498E2A /* build-debug.xcconfig */ = {isa = PBXFileReference; fileEncoding = 4; lastKnownFileType = text.xcconfig; name = "build-debug.xcconfig"; path = cordova/build-debug.xcconfig; sourceTree = SOURCE_ROOT; };
		3047A5101AB8059700498E2A /* build-release.xcconfig */ = {isa = PBXFileReference; fileEncoding = 4; lastKnownFileType = text.xcconfig; name = "build-release.xcconfig"; path = cordova/build-release.xcconfig; sourceTree = SOURCE_ROOT; };
		3047A5111AB8059700498E2A /* build.xcconfig */ = {isa = PBXFileReference; fileEncoding = 4; lastKnownFileType = text.xcconfig; name = build.xcconfig; path = cordova/build.xcconfig; sourceTree = SOURCE_ROOT; };
		32CA4F630368D1EE00C91783 /* HelloWorld-Prefix.pch */ = {isa = PBXFileReference; fileEncoding = 4; lastKnownFileType = sourcecode.c.h; path = "HelloWorld-Prefix.pch"; sourceTree = "<group>"; };
		6AFF5BF81D6E424B00AB3073 /* CDVLaunchScreen.storyboard */ = {isa = PBXFileReference; fileEncoding = 4; lastKnownFileType = file.storyboard; name = CDVLaunchScreen.storyboard; path = "HelloWorld/CDVLaunchScreen.storyboard"; sourceTree = SOURCE_ROOT; };
		8D1107310486CEB800E47090 /* HelloWorld-Info.plist */ = {isa = PBXFileReference; fileEncoding = 4; lastKnownFileType = text.plist.xml; name = "HelloWorld-Info.plist"; path = "HelloWorld/HelloWorld-Info.plist"; plistStructureDefinitionIdentifier = "com.apple.xcode.plist.structure-definition.iphone.info-plist"; sourceTree = SOURCE_ROOT; };
		EB87FDF31871DA8E0020F90C /* www */ = {isa = PBXFileReference; lastKnownFileType = folder; name = www; path = ../../www; sourceTree = "<group>"; };
		EB87FDF41871DAF40020F90C /* config.xml */ = {isa = PBXFileReference; lastKnownFileType = text.xml; name = config.xml; path = ../../config.xml; sourceTree = "<group>"; };
		F840E1F0165FE0F500CFE078 /* config.xml */ = {isa = PBXFileReference; lastKnownFileType = text.xml; name = config.xml; path = "HelloWorld/config.xml"; sourceTree = "<group>"; };
		ED33DF2A687741AEAF9F8254 /* Bridging-Header.h */ = {isa = PBXFileReference; fileEncoding = 4; lastKnownFileType = sourcecode.c.h; name = "Bridging-Header.h"; path = "Bridging-Header.h"; sourceTree = "<group>"; };
		9630FF5E6C5C4ECDA2B5A998 /* Diagnostic.m */ = {isa = PBXFileReference; name = "Diagnostic.m"; path = "cordova.plugins.diagnostic/Diagnostic.m"; sourceTree = "<group>"; fileEncoding = 4; lastKnownFileType = sourcecode.c.objc; explicitFileType = undefined; includeInIndex = 0; };
		26CF8C04C7C3444289A9F0A8 /* Diagnostic_Location.m */ = {isa = PBXFileReference; name = "Diagnostic_Location.m"; path = "cordova.plugins.diagnostic/Diagnostic_Location.m"; sourceTree = "<group>"; fileEncoding = 4; lastKnownFileType = sourcecode.c.objc; explicitFileType = undefined; includeInIndex = 0; };
		939FF5C1A369449DAA32D023 /* Diagnostic_Bluetooth.m */ = {isa = PBXFileReference; name = "Diagnostic_Bluetooth.m"; path = "cordova.plugins.diagnostic/Diagnostic_Bluetooth.m"; sourceTree = "<group>"; fileEncoding = 4; lastKnownFileType = sourcecode.c.objc; explicitFileType = undefined; includeInIndex = 0; };
		AA994E7ED08B45D7A635BB53 /* Diagnostic_Wifi.m */ = {isa = PBXFileReference; name = "Diagnostic_Wifi.m"; path = "cordova.plugins.diagnostic/Diagnostic_Wifi.m"; sourceTree = "<group>"; fileEncoding = 4; lastKnownFileType = sourcecode.c.objc; explicitFileType = undefined; includeInIndex = 0; };
		79617694D2304196838C7841 /* Diagnostic_Camera.m */ = {isa = PBXFileReference; name = "Diagnostic_Camera.m"; path = "cordova.plugins.diagnostic/Diagnostic_Camera.m"; sourceTree = "<group>"; fileEncoding = 4; lastKnownFileType = sourcecode.c.objc; explicitFileType = undefined; includeInIndex = 0; };
		AC3EC54B9D5E487C93D8B803 /* Diagnostic_Notifications.m */ = {isa = PBXFileReference; name = "Diagnostic_Notifications.m"; path = "cordova.plugins.diagnostic/Diagnostic_Notifications.m"; sourceTree = "<group>"; fileEncoding = 4; lastKnownFileType = sourcecode.c.objc; explicitFileType = undefined; includeInIndex = 0; };
		2B93320F5298495E97669FEA /* Diagnostic_Microphone.m */ = {isa = PBXFileReference; name = "Diagnostic_Microphone.m"; path = "cordova.plugins.diagnostic/Diagnostic_Microphone.m"; sourceTree = "<group>"; fileEncoding = 4; lastKnownFileType = sourcecode.c.objc; explicitFileType = undefined; includeInIndex = 0; };
		FE807E4FF11F45C18529E841 /* Diagnostic_Contacts.m */ = {isa = PBXFileReference; name = "Diagnostic_Contacts.m"; path = "cordova.plugins.diagnostic/Diagnostic_Contacts.m"; sourceTree = "<group>"; fileEncoding = 4; lastKnownFileType = sourcecode.c.objc; explicitFileType = undefined; includeInIndex = 0; };
		B1440C232E22404E94AB0B91 /* Diagnostic_Calendar.m */ = {isa = PBXFileReference; name = "Diagnostic_Calendar.m"; path = "cordova.plugins.diagnostic/Diagnostic_Calendar.m"; sourceTree = "<group>"; fileEncoding = 4; lastKnownFileType = sourcecode.c.objc; explicitFileType = undefined; includeInIndex = 0; };
		AEFB2F0408D4498B890C1A12 /* Diagnostic_Reminders.m */ = {isa = PBXFileReference; name = "Diagnostic_Reminders.m"; path = "cordova.plugins.diagnostic/Diagnostic_Reminders.m"; sourceTree = "<group>"; fileEncoding = 4; lastKnownFileType = sourcecode.c.objc; explicitFileType = undefined; includeInIndex = 0; };
		F0565E7D527C4DBB8BDB4915 /* Diagnostic_Motion.m */ = {isa = PBXFileReference; name = "Diagnostic_Motion.m"; path = "cordova.plugins.diagnostic/Diagnostic_Motion.m"; sourceTree = "<group>"; fileEncoding = 4; lastKnownFileType = sourcecode.c.objc; explicitFileType = undefined; includeInIndex = 0; };
		E5C615F5606046F8A4F583DD /* Diagnostic.h */ = {isa = PBXFileReference; name = "Diagnostic.h"; path = "cordova.plugins.diagnostic/Diagnostic.h"; sourceTree = "<group>"; fileEncoding = 4; lastKnownFileType = sourcecode.c.h; explicitFileType = undefined; includeInIndex = 0; };
		E671ABA6553244B687F09BC6 /* Diagnostic_Location.h */ = {isa = PBXFileReference; name = "Diagnostic_Location.h"; path = "cordova.plugins.diagnostic/Diagnostic_Location.h"; sourceTree = "<group>"; fileEncoding = 4; lastKnownFileType = sourcecode.c.h; explicitFileType = undefined; includeInIndex = 0; };
		0C9756858A2F44BB8EB54F39 /* Diagnostic_Bluetooth.h */ = {isa = PBXFileReference; name = "Diagnostic_Bluetooth.h"; path = "cordova.plugins.diagnostic/Diagnostic_Bluetooth.h"; sourceTree = "<group>"; fileEncoding = 4; lastKnownFileType = sourcecode.c.h; explicitFileType = undefined; includeInIndex = 0; };
		C413E5A1934941F5974274BF /* Diagnostic_Wifi.h */ = {isa = PBXFileReference; name = "Diagnostic_Wifi.h"; path = "cordova.plugins.diagnostic/Diagnostic_Wifi.h"; sourceTree = "<group>"; fileEncoding = 4; lastKnownFileType = sourcecode.c.h; explicitFileType = undefined; includeInIndex = 0; };
		0BCD5F620A704C10B48C780D /* Diagnostic_Camera.h */ = {isa = PBXFileReference; name = "Diagnostic_Camera.h"; path = "cordova.plugins.diagnostic/Diagnostic_Camera.h"; sourceTree = "<group>"; fileEncoding = 4; lastKnownFileType = sourcecode.c.h; explicitFileType = undefined; includeInIndex = 0; };
		5BBF2590F3C94294BF2B191C /* Diagnostic_Notifications.h */ = {isa = PBXFileReference; name = "Diagnostic_Notifications.h"; path = "cordova.plugins.diagnostic/Diagnostic_Notifications.h"; sourceTree = "<group>"; fileEncoding = 4; lastKnownFileType = sourcecode.c.h; explicitFileType = undefined; includeInIndex = 0; };
		FF137B2C1909485D8AA0D747 /* Diagnostic_Microphone.h */ = {isa = PBXFileReference; name = "Diagnostic_Microphone.h"; path = "cordova.plugins.diagnostic/Diagnostic_Microphone.h"; sourceTree = "<group>"; fileEncoding = 4; lastKnownFileType = sourcecode.c.h; explicitFileType = undefined; includeInIndex = 0; };
		8368CB5F5E474DD39C6BEF56 /* Diagnostic_Contacts.h */ = {isa = PBXFileReference; name = "Diagnostic_Contacts.h"; path = "cordova.plugins.diagnostic/Diagnostic_Contacts.h"; sourceTree = "<group>"; fileEncoding = 4; lastKnownFileType = sourcecode.c.h; explicitFileType = undefined; includeInIndex = 0; };
		D10641080B0C4E29879805A5 /* Diagnostic_Calendar.h */ = {isa = PBXFileReference; name = "Diagnostic_Calendar.h"; path = "cordova.plugins.diagnostic/Diagnostic_Calendar.h"; sourceTree = "<group>"; fileEncoding = 4; lastKnownFileType = sourcecode.c.h; explicitFileType = undefined; includeInIndex = 0; };
		B63860772D3A41EF82B7E59D /* Diagnostic_Reminders.h */ = {isa = PBXFileReference; name = "Diagnostic_Reminders.h"; path = "cordova.plugins.diagnostic/Diagnostic_Reminders.h"; sourceTree = "<group>"; fileEncoding = 4; lastKnownFileType = sourcecode.c.h; explicitFileType = undefined; includeInIndex = 0; };
		016294A9D2C94895B62335AE /* Diagnostic_Motion.h */ = {isa = PBXFileReference; name = "Diagnostic_Motion.h"; path = "cordova.plugins.diagnostic/Diagnostic_Motion.h"; sourceTree = "<group>"; fileEncoding = 4; lastKnownFileType = sourcecode.c.h; explicitFileType = undefined; includeInIndex = 0; };
		C3BD9B2483CB40ED8BF7940D /* CoreLocation.framework */ = {isa = PBXFileReference; name = "CoreLocation.framework"; path = "System/Library/Frameworks/CoreLocation.framework"; sourceTree = SDKROOT; fileEncoding = undefined; lastKnownFileType = wrapper.framework; explicitFileType = undefined; includeInIndex = 0; };
		F13746420195426F96842AB8 /* CoreBluetooth.framework */ = {isa = PBXFileReference; name = "CoreBluetooth.framework"; path = "System/Library/Frameworks/CoreBluetooth.framework"; sourceTree = SDKROOT; fileEncoding = undefined; lastKnownFileType = wrapper.framework; explicitFileType = undefined; includeInIndex = 0; };
		423A8BA5BBA8475680520088 /* Photos.framework */ = {isa = PBXFileReference; name = "Photos.framework"; path = "System/Library/Frameworks/Photos.framework"; sourceTree = SDKROOT; fileEncoding = undefined; lastKnownFileType = wrapper.framework; explicitFileType = undefined; includeInIndex = 0; };
		C83487AF19FE4CD9B2802124 /* AVFoundation.framework */ = {isa = PBXFileReference; name = "AVFoundation.framework"; path = "System/Library/Frameworks/AVFoundation.framework"; sourceTree = SDKROOT; fileEncoding = undefined; lastKnownFileType = wrapper.framework; explicitFileType = undefined; includeInIndex = 0; };
		99642755F535451EAF5459CA /* UserNotifications.framework */ = {isa = PBXFileReference; name = "UserNotifications.framework"; path = "System/Library/Frameworks/UserNotifications.framework"; sourceTree = SDKROOT; fileEncoding = undefined; lastKnownFileType = wrapper.framework; explicitFileType = undefined; includeInIndex = 0; };
		D53D3E6AE26B42B5AD40F2BF /* Contacts.framework */ = {isa = PBXFileReference; name = "Contacts.framework"; path = "System/Library/Frameworks/Contacts.framework"; sourceTree = SDKROOT; fileEncoding = undefined; lastKnownFileType = wrapper.framework; explicitFileType = undefined; includeInIndex = 0; };
		36915D15848042E79C77866C /* AddressBook.framework */ = {isa = PBXFileReference; name = "AddressBook.framework"; path = "System/Library/Frameworks/AddressBook.framework"; sourceTree = SDKROOT; fileEncoding = undefined; lastKnownFileType = wrapper.framework; explicitFileType = undefined; includeInIndex = 0; };
		6C5C5E48BD254F8AAF6A937F /* EventKit.framework */ = {isa = PBXFileReference; name = "EventKit.framework"; path = "System/Library/Frameworks/EventKit.framework"; sourceTree = SDKROOT; fileEncoding = undefined; lastKnownFileType = wrapper.framework; explicitFileType = undefined; includeInIndex = 0; };
		ABE00A16E5224A9685FD3AC1 /* CoreMotion.framework */ = {isa = PBXFileReference; name = "CoreMotion.framework"; path = "System/Library/Frameworks/CoreMotion.framework"; sourceTree = SDKROOT; fileEncoding = undefined; lastKnownFileType = wrapper.framework; explicitFileType = undefined; includeInIndex = 0; };
		CDEA1C3AA3AA4367A0E7A4F1 /* UIImage+CropScaleOrientation.m */ = {isa = PBXFileReference; name = "UIImage+CropScaleOrientation.m"; path = "cordova-plugin-camera/UIImage+CropScaleOrientation.m"; sourceTree = "<group>"; fileEncoding = 4; lastKnownFileType = sourcecode.c.objc; explicitFileType = undefined; includeInIndex = 0; };
		C481C0EEEB404210BEC0928C /* CDVCamera.m */ = {isa = PBXFileReference; name = "CDVCamera.m"; path = "cordova-plugin-camera/CDVCamera.m"; sourceTree = "<group>"; fileEncoding = 4; lastKnownFileType = sourcecode.c.objc; explicitFileType = undefined; includeInIndex = 0; };
		97DF83A5E99742CBB8AC1F93 /* CDVJpegHeaderWriter.m */ = {isa = PBXFileReference; name = "CDVJpegHeaderWriter.m"; path = "cordova-plugin-camera/CDVJpegHeaderWriter.m"; sourceTree = "<group>"; fileEncoding = 4; lastKnownFileType = sourcecode.c.objc; explicitFileType = undefined; includeInIndex = 0; };
		E6CE2F9881204ED38EEEDD72 /* UIImage+CropScaleOrientation.h */ = {isa = PBXFileReference; name = "UIImage+CropScaleOrientation.h"; path = "cordova-plugin-camera/UIImage+CropScaleOrientation.h"; sourceTree = "<group>"; fileEncoding = 4; lastKnownFileType = sourcecode.c.h; explicitFileType = undefined; includeInIndex = 0; };
		51FB8FEA7D28411BBE503001 /* CDVCamera.h */ = {isa = PBXFileReference; name = "CDVCamera.h"; path = "cordova-plugin-camera/CDVCamera.h"; sourceTree = "<group>"; fileEncoding = 4; lastKnownFileType = sourcecode.c.h; explicitFileType = undefined; includeInIndex = 0; };
		70A01137802440FE8DED4109 /* CDVJpegHeaderWriter.h */ = {isa = PBXFileReference; name = "CDVJpegHeaderWriter.h"; path = "cordova-plugin-camera/CDVJpegHeaderWriter.h"; sourceTree = "<group>"; fileEncoding = 4; lastKnownFileType = sourcecode.c.h; explicitFileType = undefined; includeInIndex = 0; };
		B5AD869162974F51BE12CEDE /* CDVExif.h */ = {isa = PBXFileReference; name = "CDVExif.h"; path = "cordova-plugin-camera/CDVExif.h"; sourceTree = "<group>"; fileEncoding = 4; lastKnownFileType = sourcecode.c.h; explicitFileType = undefined; includeInIndex = 0; };
		95185019537146CDAB53332C /* ImageIO.framework */ = {isa = PBXFileReference; name = "ImageIO.framework"; path = "System/Library/Frameworks/ImageIO.framework"; sourceTree = SDKROOT; fileEncoding = undefined; lastKnownFileType = wrapper.framework; explicitFileType = undefined; includeInIndex = 0; };
		72045BDF1ABC423F8897D525 /* CDVFile.m */ = {isa = PBXFileReference; name = "CDVFile.m"; path = "cordova-plugin-file/CDVFile.m"; sourceTree = "<group>"; fileEncoding = 4; lastKnownFileType = sourcecode.c.objc; explicitFileType = undefined; includeInIndex = 0; };
		CCEE71640A3D4D0780C40DF9 /* CDVLocalFilesystem.m */ = {isa = PBXFileReference; name = "CDVLocalFilesystem.m"; path = "cordova-plugin-file/CDVLocalFilesystem.m"; sourceTree = "<group>"; fileEncoding = 4; lastKnownFileType = sourcecode.c.objc; explicitFileType = undefined; includeInIndex = 0; };
		B54D3B427E6541E4911F60FC /* CDVAssetLibraryFilesystem.m */ = {isa = PBXFileReference; name = "CDVAssetLibraryFilesystem.m"; path = "cordova-plugin-file/CDVAssetLibraryFilesystem.m"; sourceTree = "<group>"; fileEncoding = 4; lastKnownFileType = sourcecode.c.objc; explicitFileType = undefined; includeInIndex = 0; };
		C56AF2FA138C432A9A746AF8 /* CDVFile.h */ = {isa = PBXFileReference; name = "CDVFile.h"; path = "cordova-plugin-file/CDVFile.h"; sourceTree = "<group>"; fileEncoding = 4; lastKnownFileType = sourcecode.c.h; explicitFileType = undefined; includeInIndex = 0; };
		65B1D20387A5481C807611BC /* CDVLocalFilesystem.h */ = {isa = PBXFileReference; name = "CDVLocalFilesystem.h"; path = "cordova-plugin-file/CDVLocalFilesystem.h"; sourceTree = "<group>"; fileEncoding = 4; lastKnownFileType = sourcecode.c.h; explicitFileType = undefined; includeInIndex = 0; };
		A3B0E44352684C08A9AA65CA /* CDVAssetLibraryFilesystem.h */ = {isa = PBXFileReference; name = "CDVAssetLibraryFilesystem.h"; path = "cordova-plugin-file/CDVAssetLibraryFilesystem.h"; sourceTree = "<group>"; fileEncoding = 4; lastKnownFileType = sourcecode.c.h; explicitFileType = undefined; includeInIndex = 0; };
		57D437EB8CDA4FC3A59618DA /* CDVFileTransfer.m */ = {isa = PBXFileReference; name = "CDVFileTransfer.m"; path = "cordova-plugin-file-transfer/CDVFileTransfer.m"; sourceTree = "<group>"; fileEncoding = 4; lastKnownFileType = sourcecode.c.objc; explicitFileType = undefined; includeInIndex = 0; };
		8F91E6AC6E1740CA807098E8 /* CDVFileTransfer.h */ = {isa = PBXFileReference; name = "CDVFileTransfer.h"; path = "cordova-plugin-file-transfer/CDVFileTransfer.h"; sourceTree = "<group>"; fileEncoding = 4; lastKnownFileType = sourcecode.c.h; explicitFileType = undefined; includeInIndex = 0; };
		60DFAE4824A54189A2083D59 /* CDVLocation.m */ = {isa = PBXFileReference; name = "CDVLocation.m"; path = "cordova-plugin-geolocation/CDVLocation.m"; sourceTree = "<group>"; fileEncoding = 4; lastKnownFileType = sourcecode.c.objc; explicitFileType = undefined; includeInIndex = 0; };
		8851302717784CD5ADFD3167 /* CDVLocation.h */ = {isa = PBXFileReference; name = "CDVLocation.h"; path = "cordova-plugin-geolocation/CDVLocation.h"; sourceTree = "<group>"; fileEncoding = 4; lastKnownFileType = sourcecode.c.h; explicitFileType = undefined; includeInIndex = 0; };
		CE65117BF3154C958AC80EE2 /* CDVGlobalization.m */ = {isa = PBXFileReference; name = "CDVGlobalization.m"; path = "cordova-plugin-globalization/CDVGlobalization.m"; sourceTree = "<group>"; fileEncoding = 4; lastKnownFileType = sourcecode.c.objc; explicitFileType = undefined; includeInIndex = 0; };
		6C3CB4DB79D249AFB9E1DDAC /* CDVGlobalization.h */ = {isa = PBXFileReference; name = "CDVGlobalization.h"; path = "cordova-plugin-globalization/CDVGlobalization.h"; sourceTree = "<group>"; fileEncoding = 4; lastKnownFileType = sourcecode.c.h; explicitFileType = undefined; includeInIndex = 0; };
		0D4DEBDCA7A84BC387DAE95B /* CDVCapture.m */ = {isa = PBXFileReference; name = "CDVCapture.m"; path = "cordova-plugin-media-capture/CDVCapture.m"; sourceTree = "<group>"; fileEncoding = 4; lastKnownFileType = sourcecode.c.objc; explicitFileType = undefined; includeInIndex = 0; };
		DA7F3C4C24AD4603A3C70A31 /* CDVCapture.h */ = {isa = PBXFileReference; name = "CDVCapture.h"; path = "cordova-plugin-media-capture/CDVCapture.h"; sourceTree = "<group>"; fileEncoding = 4; lastKnownFileType = sourcecode.c.h; explicitFileType = undefined; includeInIndex = 0; };
		7F76D8F0BBE34373ABE2A207 /* CDVCapture.bundle */ = {isa = PBXFileReference; name = "CDVCapture.bundle"; path = "CDVCapture.bundle"; sourceTree = "<group>"; fileEncoding = undefined; lastKnownFileType = wrapper.plug-in; explicitFileType = undefined; includeInIndex = 0; };
/* End PBXFileReference section */

/* Begin PBXFrameworksBuildPhase section */
		1D60588F0D05DD3D006BFB54 /* Frameworks */ = {
			isa = PBXFrameworksBuildPhase;
			buildActionMask = 2147483647;
			files = (
				301BF552109A68D80062928A /* libCordova.a in Frameworks */,
				55AB5D3C7D7D46F4A78A2D71 /* CoreLocation.framework in Frameworks */,
				ACC2831688DF4D76972CBE3E /* CoreBluetooth.framework in Frameworks */,
				6D5146C2E1E14F96A7095285 /* Photos.framework in Frameworks */,
				462DD05A24A24E718E32AA71 /* AVFoundation.framework in Frameworks */,
				D68FDAFF7EA44FC5A76A93E5 /* UserNotifications.framework in Frameworks */,
				38372B82BBFC4E1094223D54 /* Contacts.framework in Frameworks */,
				924BED65178941FAAC837657 /* AddressBook.framework in Frameworks */,
				F5B1FEA7079E46E3BDEB208C /* EventKit.framework in Frameworks */,
				E469920BAF094EDF85D15F75 /* CoreMotion.framework in Frameworks */,
				DEC1A50E67C54C9C9A80AE4E /* ImageIO.framework in Frameworks */,
			);
			runOnlyForDeploymentPostprocessing = 0;
		};
/* End PBXFrameworksBuildPhase section */

/* Begin PBXGroup section */
		080E96DDFE201D6D7F000001 /* Classes */ = {
			isa = PBXGroup;
			children = (
				302D95EE14D2391D003F00A1 /* MainViewController.h */,
				302D95EF14D2391D003F00A1 /* MainViewController.m */,
				302D95F014D2391D003F00A1 /* MainViewController.xib */,
				1D3623240D0F684500981E51 /* AppDelegate.h */,
				1D3623250D0F684500981E51 /* AppDelegate.m */,
			);
			name = Classes;
			path = "HelloWorld/Classes";
			sourceTree = SOURCE_ROOT;
		};
		19C28FACFE9D520D11CA2CBB /* Products */ = {
			isa = PBXGroup;
			children = (
				1D6058910D05DD3D006BFB54 /* HelloWorld.app */,
			);
			name = Products;
			sourceTree = "<group>";
		};
		29B97314FDCFA39411CA2CEA /* CustomTemplate */ = {
			isa = PBXGroup;
			children = (
				EB87FDF41871DAF40020F90C /* config.xml */,
				EB87FDF31871DA8E0020F90C /* www */,
				EB87FDF11871DA420020F90C /* Staging */,
				301BF52D109A57CC0062928A /* CordovaLib.xcodeproj */,
				080E96DDFE201D6D7F000001 /* Classes */,
				307C750510C5A3420062BCA9 /* Plugins */,
				29B97315FDCFA39411CA2CEA /* Other Sources */,
				29B97317FDCFA39411CA2CEA /* Resources */,
				29B97323FDCFA39411CA2CEA /* Frameworks */,
				19C28FACFE9D520D11CA2CBB /* Products */,
			);
			name = CustomTemplate;
			sourceTree = "<group>";
		};
		29B97315FDCFA39411CA2CEA /* Other Sources */ = {
			isa = PBXGroup;
			children = (
				32CA4F630368D1EE00C91783 /* HelloWorld-Prefix.pch */,
				29B97316FDCFA39411CA2CEA /* main.m */,
				ED33DF2A687741AEAF9F8254 /* Bridging-Header.h */,
			);
			name = "Other Sources";
			path = "HelloWorld";
			sourceTree = "<group>";
		};
		29B97317FDCFA39411CA2CEA /* Resources */ = {
			isa = PBXGroup;
			children = (
				0207DA571B56EA530066E2B4 /* Images.xcassets */,
				3047A50E1AB8057F00498E2A /* config */,
				8D1107310486CEB800E47090 /* HelloWorld-Info.plist */,
				6AFF5BF81D6E424B00AB3073 /* CDVLaunchScreen.storyboard */,
				7F76D8F0BBE34373ABE2A207 /* CDVCapture.bundle */,
			);
			name = Resources;
			path = "HelloWorld/Resources";
			sourceTree = "<group>";
		};
		29B97323FDCFA39411CA2CEA /* Frameworks */ = {
			isa = PBXGroup;
			children = (
				C3BD9B2483CB40ED8BF7940D /* CoreLocation.framework */,
				F13746420195426F96842AB8 /* CoreBluetooth.framework */,
				423A8BA5BBA8475680520088 /* Photos.framework */,
				C83487AF19FE4CD9B2802124 /* AVFoundation.framework */,
				99642755F535451EAF5459CA /* UserNotifications.framework */,
				D53D3E6AE26B42B5AD40F2BF /* Contacts.framework */,
				36915D15848042E79C77866C /* AddressBook.framework */,
				6C5C5E48BD254F8AAF6A937F /* EventKit.framework */,
				ABE00A16E5224A9685FD3AC1 /* CoreMotion.framework */,
				95185019537146CDAB53332C /* ImageIO.framework */,
			);
			name = Frameworks;
			sourceTree = "<group>";
		};
		301BF52E109A57CC0062928A /* Products */ = {
			isa = PBXGroup;
			children = (
				301BF535109A57CC0062928A /* libCordova.a */,
			);
			name = Products;
			sourceTree = "<group>";
		};
		3047A50E1AB8057F00498E2A /* config */ = {
			isa = PBXGroup;
			children = (
				3047A50F1AB8059700498E2A /* build-debug.xcconfig */,
				3047A5101AB8059700498E2A /* build-release.xcconfig */,
				3047A5111AB8059700498E2A /* build.xcconfig */,
			);
			name = config;
			sourceTree = "<group>";
		};
		307C750510C5A3420062BCA9 /* Plugins */ = {
			isa = PBXGroup;
			children = (
				9630FF5E6C5C4ECDA2B5A998 /* Diagnostic.m */,
				26CF8C04C7C3444289A9F0A8 /* Diagnostic_Location.m */,
				939FF5C1A369449DAA32D023 /* Diagnostic_Bluetooth.m */,
				AA994E7ED08B45D7A635BB53 /* Diagnostic_Wifi.m */,
				79617694D2304196838C7841 /* Diagnostic_Camera.m */,
				AC3EC54B9D5E487C93D8B803 /* Diagnostic_Notifications.m */,
				2B93320F5298495E97669FEA /* Diagnostic_Microphone.m */,
				FE807E4FF11F45C18529E841 /* Diagnostic_Contacts.m */,
				B1440C232E22404E94AB0B91 /* Diagnostic_Calendar.m */,
				AEFB2F0408D4498B890C1A12 /* Diagnostic_Reminders.m */,
				F0565E7D527C4DBB8BDB4915 /* Diagnostic_Motion.m */,
				E5C615F5606046F8A4F583DD /* Diagnostic.h */,
				E671ABA6553244B687F09BC6 /* Diagnostic_Location.h */,
				0C9756858A2F44BB8EB54F39 /* Diagnostic_Bluetooth.h */,
				C413E5A1934941F5974274BF /* Diagnostic_Wifi.h */,
				0BCD5F620A704C10B48C780D /* Diagnostic_Camera.h */,
				5BBF2590F3C94294BF2B191C /* Diagnostic_Notifications.h */,
				FF137B2C1909485D8AA0D747 /* Diagnostic_Microphone.h */,
				8368CB5F5E474DD39C6BEF56 /* Diagnostic_Contacts.h */,
				D10641080B0C4E29879805A5 /* Diagnostic_Calendar.h */,
				B63860772D3A41EF82B7E59D /* Diagnostic_Reminders.h */,
				016294A9D2C94895B62335AE /* Diagnostic_Motion.h */,
				CDEA1C3AA3AA4367A0E7A4F1 /* UIImage+CropScaleOrientation.m */,
				C481C0EEEB404210BEC0928C /* CDVCamera.m */,
				97DF83A5E99742CBB8AC1F93 /* CDVJpegHeaderWriter.m */,
				E6CE2F9881204ED38EEEDD72 /* UIImage+CropScaleOrientation.h */,
				51FB8FEA7D28411BBE503001 /* CDVCamera.h */,
				70A01137802440FE8DED4109 /* CDVJpegHeaderWriter.h */,
				B5AD869162974F51BE12CEDE /* CDVExif.h */,
				72045BDF1ABC423F8897D525 /* CDVFile.m */,
				CCEE71640A3D4D0780C40DF9 /* CDVLocalFilesystem.m */,
				B54D3B427E6541E4911F60FC /* CDVAssetLibraryFilesystem.m */,
				C56AF2FA138C432A9A746AF8 /* CDVFile.h */,
				65B1D20387A5481C807611BC /* CDVLocalFilesystem.h */,
				A3B0E44352684C08A9AA65CA /* CDVAssetLibraryFilesystem.h */,
				57D437EB8CDA4FC3A59618DA /* CDVFileTransfer.m */,
				8F91E6AC6E1740CA807098E8 /* CDVFileTransfer.h */,
				60DFAE4824A54189A2083D59 /* CDVLocation.m */,
				8851302717784CD5ADFD3167 /* CDVLocation.h */,
				CE65117BF3154C958AC80EE2 /* CDVGlobalization.m */,
				6C3CB4DB79D249AFB9E1DDAC /* CDVGlobalization.h */,
				0D4DEBDCA7A84BC387DAE95B /* CDVCapture.m */,
				DA7F3C4C24AD4603A3C70A31 /* CDVCapture.h */,
			);
			name = Plugins;
			path = "HelloWorld/Plugins";
			sourceTree = SOURCE_ROOT;
		};
		EB87FDF11871DA420020F90C /* Staging */ = {
			isa = PBXGroup;
			children = (
				F840E1F0165FE0F500CFE078 /* config.xml */,
				301BF56E109A69640062928A /* www */,
			);
			name = Staging;
			sourceTree = "<group>";
		};
/* End PBXGroup section */

/* Begin PBXNativeTarget section */
		1D6058900D05DD3D006BFB54 /* HelloWorld */ = {
			isa = PBXNativeTarget;
			buildConfigurationList = 1D6058960D05DD3E006BFB54 /* Build configuration list for PBXNativeTarget "HelloWorld" */;
			buildPhases = (
				304B58A110DAC018002A0835 /* Copy www directory */,
				1D60588D0D05DD3D006BFB54 /* Resources */,
				1D60588E0D05DD3D006BFB54 /* Sources */,
				1D60588F0D05DD3D006BFB54 /* Frameworks */,
			);
			buildRules = (
			);
			dependencies = (
				301BF551109A68C00062928A /* PBXTargetDependency */,
			);
			name = "HelloWorld";
			productName = "HelloWorld";
			productReference = 1D6058910D05DD3D006BFB54 /* HelloWorld.app */;
			productType = "com.apple.product-type.application";
		};
/* End PBXNativeTarget section */

/* Begin PBXProject section */
		29B97313FDCFA39411CA2CEA /* Project object */ = {
			isa = PBXProject;
			attributes = {
				LastUpgradeCheck = 510;
			};
			buildConfigurationList = C01FCF4E08A954540054247B /* Build configuration list for PBXProject "__NON-CLI__" */;
			compatibilityVersion = "Xcode 3.2";
			developmentRegion = English;
			hasScannedForEncodings = 1;
			mainGroup = 29B97314FDCFA39411CA2CEA /* CustomTemplate */;
			projectDirPath = "";
			projectReferences = (
				{
					ProductGroup = 301BF52E109A57CC0062928A /* Products */;
					ProjectRef = 301BF52D109A57CC0062928A /* CordovaLib.xcodeproj */;
				},
			);
			projectRoot = "";
			targets = (
				1D6058900D05DD3D006BFB54 /* HelloWorld */,
			);
		};
/* End PBXProject section */

/* Begin PBXReferenceProxy section */
		301BF535109A57CC0062928A /* libCordova.a */ = {
			isa = PBXReferenceProxy;
			fileType = archive.ar;
			path = libCordova.a;
			remoteRef = 301BF534109A57CC0062928A /* PBXContainerItemProxy */;
			sourceTree = BUILT_PRODUCTS_DIR;
		};
/* End PBXReferenceProxy section */

/* Begin PBXResourcesBuildPhase section */
		1D60588D0D05DD3D006BFB54 /* Resources */ = {
			isa = PBXResourcesBuildPhase;
			buildActionMask = 2147483647;
			files = (
				302D95F214D2391D003F00A1 /* MainViewController.xib in Resources */,
				0207DA581B56EA530066E2B4 /* Images.xcassets in Resources */,
				6AFF5BF91D6E424B00AB3073 /* CDVLaunchScreen.storyboard in Resources */,
				584E09EC2BD04D38922C4BDB /* CDVCapture.bundle in Resources */,
			);
			runOnlyForDeploymentPostprocessing = 0;
		};
/* End PBXResourcesBuildPhase section */

/* Begin PBXShellScriptBuildPhase section */
		304B58A110DAC018002A0835 /* Copy www directory */ = {
			isa = PBXShellScriptBuildPhase;
			buildActionMask = 2147483647;
			files = (
			);
			inputPaths = (
			);
			name = "Copy www directory";
			outputPaths = (
			);
			runOnlyForDeploymentPostprocessing = 0;
			shellPath = /bin/sh;
			shellScript = "NODEJS_PATH=/usr/local/bin; NVM_NODE_PATH=~/.nvm/versions/node/`nvm version 2>/dev/null`/bin; N_NODE_PATH=`find /usr/local/n/versions/node/* -maxdepth 0 -type d 2>/dev/null | tail -1`/bin; XCODE_NODE_PATH=`xcode-select --print-path`/usr/share/xcs/Node/bin; PATH=$NODEJS_PATH:$NVM_NODE_PATH:$N_NODE_PATH:$XCODE_NODE_PATH:$PATH && node cordova/lib/copy-www-build-step.js";
			showEnvVarsInLog = 0;
		};
/* End PBXShellScriptBuildPhase section */

/* Begin PBXSourcesBuildPhase section */
		1D60588E0D05DD3D006BFB54 /* Sources */ = {
			isa = PBXSourcesBuildPhase;
			buildActionMask = 2147483647;
			files = (
				1D60589B0D05DD56006BFB54 /* main.m in Sources */,
				1D3623260D0F684500981E51 /* AppDelegate.m in Sources */,
				302D95F114D2391D003F00A1 /* MainViewController.m in Sources */,
				4362B7F2E49B4A6C9D26B3D4 /* Diagnostic.m in Sources */,
				85EF108794F24881BCA93C93 /* Diagnostic_Location.m in Sources */,
				12203A6FEA0F4BD897C93547 /* Diagnostic_Bluetooth.m in Sources */,
				FC1E3A416FDA4FDCAAACAB58 /* Diagnostic_Wifi.m in Sources */,
				8DC571BFCBC8430A9E3B3270 /* Diagnostic_Camera.m in Sources */,
				08A105C0CA0E4E64B41408E7 /* Diagnostic_Notifications.m in Sources */,
				A50DF7D345E14B09BCB1377A /* Diagnostic_Microphone.m in Sources */,
				A97884B86E1D43DAB0303C8A /* Diagnostic_Contacts.m in Sources */,
				C7D5196833314588B45E4115 /* Diagnostic_Calendar.m in Sources */,
				838F53CF763C4356B720082D /* Diagnostic_Reminders.m in Sources */,
				1C6EDBB9508F46EBAD16FAA5 /* Diagnostic_Motion.m in Sources */,
				BA07BE94BFE744058938962C /* UIImage+CropScaleOrientation.m in Sources */,
				B2F8A4C2D728481DBB0CDCB1 /* CDVCamera.m in Sources */,
				D4AA5232C669496C9086C74D /* CDVJpegHeaderWriter.m in Sources */,
				C13D34447010457DAF369FA5 /* CDVFile.m in Sources */,
				41B3C98BAEAB44B5B740AA8E /* CDVLocalFilesystem.m in Sources */,
				A2E2E3904CE04621B13C9008 /* CDVAssetLibraryFilesystem.m in Sources */,
				B9F1F3975E584CA8961338AD /* CDVFileTransfer.m in Sources */,
				7E7C89C0D65C474ABBC571CC /* CDVLocation.m in Sources */,
				4B2193D3B97F4BEC92BAD67F /* CDVGlobalization.m in Sources */,
				C7A98F0FB4B74E0FBCC24439 /* CDVCapture.m in Sources */,
			);
			runOnlyForDeploymentPostprocessing = 0;
		};
/* End PBXSourcesBuildPhase section */

/* Begin PBXTargetDependency section */
		301BF551109A68C00062928A /* PBXTargetDependency */ = {
			isa = PBXTargetDependency;
			name = CordovaLib;
			targetProxy = 301BF550109A68C00062928A /* PBXContainerItemProxy */;
		};
/* End PBXTargetDependency section */

/* Begin XCBuildConfiguration section */
		1D6058940D05DD3E006BFB54 /* Debug */ = {
			isa = XCBuildConfiguration;
			baseConfigurationReference = 3047A50F1AB8059700498E2A /* build-debug.xcconfig */;
			buildSettings = {
				ALWAYS_SEARCH_USER_PATHS = NO;
				ASSETCATALOG_COMPILER_APPICON_NAME = AppIcon;
				ASSETCATALOG_COMPILER_LAUNCHIMAGE_NAME = LaunchImage;
				CLANG_ENABLE_MODULES = YES;
				CLANG_ENABLE_OBJC_ARC = YES;
				COPY_PHASE_STRIP = NO;
				GCC_DYNAMIC_NO_PIC = NO;
				GCC_OPTIMIZATION_LEVEL = 0;
				GCC_PRECOMPILE_PREFIX_HEADER = YES;
				GCC_PREFIX_HEADER = "HelloWorld/HelloWorld-Prefix.pch";
				GCC_THUMB_SUPPORT = NO;
				GCC_VERSION = "";
				INFOPLIST_FILE = "HelloWorld/HelloWorld-Info.plist";
				IPHONEOS_DEPLOYMENT_TARGET = 9.0;
				LD_RUNPATH_SEARCH_PATHS = "@executable_path/Frameworks";
				TARGETED_DEVICE_FAMILY = "1,2";
				PRODUCT_NAME = "HelloWorld";
			};
			name = Debug;
		};
		1D6058950D05DD3E006BFB54 /* Release */ = {
			isa = XCBuildConfiguration;
			baseConfigurationReference = 3047A5101AB8059700498E2A /* build-release.xcconfig */;
			buildSettings = {
				ALWAYS_SEARCH_USER_PATHS = NO;
				ASSETCATALOG_COMPILER_APPICON_NAME = AppIcon;
				ASSETCATALOG_COMPILER_LAUNCHIMAGE_NAME = LaunchImage;
				CLANG_ENABLE_MODULES = YES;
				CLANG_ENABLE_OBJC_ARC = YES;
				COPY_PHASE_STRIP = YES;
				GCC_PRECOMPILE_PREFIX_HEADER = YES;
				GCC_PREFIX_HEADER = "HelloWorld/HelloWorld-Prefix.pch";
				GCC_THUMB_SUPPORT = NO;
				GCC_VERSION = "";
				INFOPLIST_FILE = "HelloWorld/HelloWorld-Info.plist";
				IPHONEOS_DEPLOYMENT_TARGET = 9.0;
				LD_RUNPATH_SEARCH_PATHS = "@executable_path/Frameworks";
				TARGETED_DEVICE_FAMILY = "1,2";
				PRODUCT_NAME = "HelloWorld";
			};
			name = Release;
		};
		C01FCF4F08A954540054247B /* Debug */ = {
			isa = XCBuildConfiguration;
			baseConfigurationReference = 3047A5111AB8059700498E2A /* build.xcconfig */;
			buildSettings = {
				CLANG_ENABLE_MODULES = YES;
				CLANG_ENABLE_OBJC_ARC = YES;
				CLANG_WARN_BOOL_CONVERSION = YES;
				CLANG_WARN_CONSTANT_CONVERSION = YES;
				CLANG_WARN_EMPTY_BODY = YES;
				CLANG_WARN_ENUM_CONVERSION = YES;
				CLANG_WARN_INT_CONVERSION = YES;
				CLANG_WARN__DUPLICATE_METHOD_MATCH = YES;
				GCC_C_LANGUAGE_STANDARD = c99;
				GCC_THUMB_SUPPORT = NO;
				GCC_VERSION = "";
				GCC_WARN_ABOUT_RETURN_TYPE = YES;
				GCC_WARN_UNDECLARED_SELECTOR = YES;
				GCC_WARN_UNINITIALIZED_AUTOS = YES;
				GCC_WARN_UNUSED_FUNCTION = YES;
				GCC_WARN_UNUSED_VARIABLE = YES;
				ONLY_ACTIVE_ARCH = YES;
				SDKROOT = iphoneos;
				SKIP_INSTALL = NO;
			};
			name = Debug;
		};
		C01FCF5008A954540054247B /* Release */ = {
			isa = XCBuildConfiguration;
			baseConfigurationReference = 3047A5111AB8059700498E2A /* build.xcconfig */;
			buildSettings = {
				CLANG_ENABLE_MODULES = YES;
				CLANG_ENABLE_OBJC_ARC = YES;
				CLANG_WARN_BOOL_CONVERSION = YES;
				CLANG_WARN_CONSTANT_CONVERSION = YES;
				CLANG_WARN_EMPTY_BODY = YES;
				CLANG_WARN_ENUM_CONVERSION = YES;
				CLANG_WARN_INT_CONVERSION = YES;
				CLANG_WARN__DUPLICATE_METHOD_MATCH = YES;
				GCC_C_LANGUAGE_STANDARD = c99;
				GCC_THUMB_SUPPORT = NO;
				GCC_VERSION = "";
				GCC_WARN_ABOUT_RETURN_TYPE = YES;
				GCC_WARN_UNDECLARED_SELECTOR = YES;
				GCC_WARN_UNINITIALIZED_AUTOS = YES;
				GCC_WARN_UNUSED_FUNCTION = YES;
				GCC_WARN_UNUSED_VARIABLE = YES;
				SDKROOT = iphoneos;
				SKIP_INSTALL = NO;
			};
			name = Release;
		};
/* End XCBuildConfiguration section */

/* Begin XCConfigurationList section */
		1D6058960D05DD3E006BFB54 /* Build configuration list for PBXNativeTarget "HelloWorld" */ = {
			isa = XCConfigurationList;
			buildConfigurations = (
				1D6058940D05DD3E006BFB54 /* Debug */,
				1D6058950D05DD3E006BFB54 /* Release */,
			);
			defaultConfigurationIsVisible = 0;
			defaultConfigurationName = Release;
		};
		C01FCF4E08A954540054247B /* Build configuration list for PBXProject "__NON-CLI__" */ = {
			isa = XCConfigurationList;
			buildConfigurations = (
				C01FCF4F08A954540054247B /* Debug */,
				C01FCF5008A954540054247B /* Release */,
			);
			defaultConfigurationIsVisible = 0;
			defaultConfigurationName = Release;
		};
/* End XCConfigurationList section */
	};
	rootObject = 29B97313FDCFA39411CA2CEA /* Project object */;
}
